// !$*UTF8*$!
{
	archiveVersion = 1;
	classes = {
	};
	objectVersion = 50;
	objects = {

/* Begin PBXBuildFile section */
		DE67A6C0208DC19400DE92E2 /* UMAnalyticsModule.m in Sources */ = {isa = PBXBuildFile; fileRef = DE67A6BF208DC19400DE92E2 /* UMAnalyticsModule.m */; };
		DE67A6C8208DC34200DE92E2 /* RNUMConfigure.m in Sources */ = {isa = PBXBuildFile; fileRef = DE67A6C6208DC34200DE92E2 /* RNUMConfigure.m */; };
		DE67A743208DC48E00DE92E2 /* UMAnalytics.framework in Frameworks */ = {isa = PBXBuildFile; fileRef = DE67A741208DC48E00DE92E2 /* UMAnalytics.framework */; };
		DE67A744208DC48E00DE92E2 /* UMCommon.framework in Frameworks */ = {isa = PBXBuildFile; fileRef = DE67A742208DC48E00DE92E2 /* UMCommon.framework */; };
/* End PBXBuildFile section */

/* Begin PBXCopyFilesBuildPhase section */
		DE67A6AA208DC15200DE92E2 /* CopyFiles */ = {
			isa = PBXCopyFilesBuildPhase;
			buildActionMask = 2147483647;
			dstPath = "include/$(PRODUCT_NAME)";
			dstSubfolderSpec = 16;
			files = (
			);
			runOnlyForDeploymentPostprocessing = 0;
		};
/* End PBXCopyFilesBuildPhase section */

/* Begin PBXFileReference section */
		DE67A6AC208DC15200DE92E2 /* libUMAnalytics.a */ = {isa = PBXFileReference; explicitFileType = archive.ar; includeInIndex = 0; path = libUMAnalytics.a; sourceTree = BUILT_PRODUCTS_DIR; };
		DE67A6BE208DC19300DE92E2 /* UMAnalyticsModule.h */ = {isa = PBXFileReference; fileEncoding = 4; lastKnownFileType = sourcecode.c.h; path = UMAnalyticsModule.h; sourceTree = "<group>"; };
		DE67A6BF208DC19400DE92E2 /* UMAnalyticsModule.m */ = {isa = PBXFileReference; fileEncoding = 4; lastKnownFileType = sourcecode.c.objc; path = UMAnalyticsModule.m; sourceTree = "<group>"; };
		DE67A6C6208DC34200DE92E2 /* RNUMConfigure.m */ = {isa = PBXFileReference; fileEncoding = 4; lastKnownFileType = sourcecode.c.objc; path = RNUMConfigure.m; sourceTree = "<group>"; };
		DE67A6C7208DC34200DE92E2 /* RNUMConfigure.h */ = {isa = PBXFileReference; fileEncoding = 4; lastKnownFileType = sourcecode.c.h; path = RNUMConfigure.h; sourceTree = "<group>"; };
		DE67A741208DC48E00DE92E2 /* UMAnalytics.framework */ = {isa = PBXFileReference; lastKnownFileType = wrapper.framework; name = UMAnalytics.framework; path = UMAnalytics/framework/UMAnalytics.framework; sourceTree = "<group>"; };
		DE67A742208DC48E00DE92E2 /* UMCommon.framework */ = {isa = PBXFileReference; lastKnownFileType = wrapper.framework; name = UMCommon.framework; path = UMAnalytics/framework/UMCommon.framework; sourceTree = "<group>"; };
/* End PBXFileReference section */

/* Begin PBXFrameworksBuildPhase section */
		DE67A6A9208DC15200DE92E2 /* Frameworks */ = {
			isa = PBXFrameworksBuildPhase;
			buildActionMask = 2147483647;
			files = (
				DE67A743208DC48E00DE92E2 /* UMAnalytics.framework in Frameworks */,
				DE67A744208DC48E00DE92E2 /* UMCommon.framework in Frameworks */,
			);
			runOnlyForDeploymentPostprocessing = 0;
		};
/* End PBXFrameworksBuildPhase section */

/* Begin PBXGroup section */
		DE67A6A3208DC15200DE92E2 = {
			isa = PBXGroup;
			children = (
				DE67A740208DC47D00DE92E2 /* Framework */,
				DE67A6AE208DC15200DE92E2 /* UMAnalytics */,
				DE67A6AD208DC15200DE92E2 /* Products */,
			);
			sourceTree = "<group>";
		};
		DE67A6AD208DC15200DE92E2 /* Products */ = {
			isa = PBXGroup;
			children = (
				DE67A6AC208DC15200DE92E2 /* libUMAnalytics.a */,
			);
			name = Products;
			sourceTree = "<group>";
		};
		DE67A6AE208DC15200DE92E2 /* UMAnalytics */ = {
			isa = PBXGroup;
			children = (
				DE67A6C7208DC34200DE92E2 /* RNUMConfigure.h */,
				DE67A6C6208DC34200DE92E2 /* RNUMConfigure.m */,
				DE67A6BE208DC19300DE92E2 /* UMAnalyticsModule.h */,
				DE67A6BF208DC19400DE92E2 /* UMAnalyticsModule.m */,
			);
			path = UMAnalytics;
			sourceTree = "<group>";
		};
		DE67A740208DC47D00DE92E2 /* Framework */ = {
			isa = PBXGroup;
			children = (
				DE67A741208DC48E00DE92E2 /* UMAnalytics.framework */,
				DE67A742208DC48E00DE92E2 /* UMCommon.framework */,
			);
			name = Framework;
			sourceTree = "<group>";
		};
/* End PBXGroup section */

/* Begin PBXNativeTarget section */
		DE67A6AB208DC15200DE92E2 /* UMAnalytics */ = {
			isa = PBXNativeTarget;
			buildConfigurationList = DE67A6B5208DC15200DE92E2 /* Build configuration list for PBXNativeTarget "UMAnalytics" */;
			buildPhases = (
				DE67A6A8208DC15200DE92E2 /* Sources */,
				DE67A6A9208DC15200DE92E2 /* Frameworks */,
				DE67A6AA208DC15200DE92E2 /* CopyFiles */,
			);
			buildRules = (
			);
			dependencies = (
			);
			name = UMAnalytics;
			productName = UMAnalytics;
			productReference = DE67A6AC208DC15200DE92E2 /* libUMAnalytics.a */;
			productType = "com.apple.product-type.library.static";
		};
/* End PBXNativeTarget section */

/* Begin PBXProject section */
		DE67A6A4208DC15200DE92E2 /* Project object */ = {
			isa = PBXProject;
			attributes = {
				LastUpgradeCheck = 0930;
				ORGANIZATIONNAME = Nevo;
				TargetAttributes = {
					DE67A6AB208DC15200DE92E2 = {
						CreatedOnToolsVersion = 9.3;
					};
				};
			};
			buildConfigurationList = DE67A6A7208DC15200DE92E2 /* Build configuration list for PBXProject "UMAnalytics" */;
			compatibilityVersion = "Xcode 9.3";
			developmentRegion = en;
			hasScannedForEncodings = 0;
			knownRegions = (
				en,
			);
			mainGroup = DE67A6A3208DC15200DE92E2;
			productRefGroup = DE67A6AD208DC15200DE92E2 /* Products */;
			projectDirPath = "";
			projectRoot = "";
			targets = (
				DE67A6AB208DC15200DE92E2 /* UMAnalytics */,
			);
		};
/* End PBXProject section */

/* Begin PBXSourcesBuildPhase section */
		DE67A6A8208DC15200DE92E2 /* Sources */ = {
			isa = PBXSourcesBuildPhase;
			buildActionMask = 2147483647;
			files = (
				DE67A6C8208DC34200DE92E2 /* RNUMConfigure.m in Sources */,
				DE67A6C0208DC19400DE92E2 /* UMAnalyticsModule.m in Sources */,
			);
			runOnlyForDeploymentPostprocessing = 0;
		};
/* End PBXSourcesBuildPhase section */

/* Begin XCBuildConfiguration section */
		DE67A6B3208DC15200DE92E2 /* Debug */ = {
			isa = XCBuildConfiguration;
			buildSettings = {
				ALWAYS_SEARCH_USER_PATHS = NO;
				CLANG_ANALYZER_NONNULL = YES;
				CLANG_ANALYZER_NUMBER_OBJECT_CONVERSION = YES_AGGRESSIVE;
				CLANG_CXX_LANGUAGE_STANDARD = "gnu++14";
				CLANG_CXX_LIBRARY = "libc++";
				CLANG_ENABLE_MODULES = YES;
				CLANG_ENABLE_OBJC_ARC = YES;
				CLANG_ENABLE_OBJC_WEAK = YES;
				CLANG_WARN_BLOCK_CAPTURE_AUTORELEASING = YES;
				CLANG_WARN_BOOL_CONVERSION = YES;
				CLANG_WARN_COMMA = YES;
				CLANG_WARN_CONSTANT_CONVERSION = YES;
				CLANG_WARN_DEPRECATED_OBJC_IMPLEMENTATIONS = YES;
				CLANG_WARN_DIRECT_OBJC_ISA_USAGE = YES_ERROR;
				CLANG_WARN_DOCUMENTATION_COMMENTS = YES;
				CLANG_WARN_EMPTY_BODY = YES;
				CLANG_WARN_ENUM_CONVERSION = YES;
				CLANG_WARN_INFINITE_RECURSION = YES;
				CLANG_WARN_INT_CONVERSION = YES;
				CLANG_WARN_NON_LITERAL_NULL_CONVERSION = YES;
				CLANG_WARN_OBJC_IMPLICIT_RETAIN_SELF = YES;
				CLANG_WARN_OBJC_LITERAL_CONVERSION = YES;
				CLANG_WARN_OBJC_ROOT_CLASS = YES_ERROR;
				CLANG_WARN_RANGE_LOOP_ANALYSIS = YES;
				CLANG_WARN_STRICT_PROTOTYPES = YES;
				CLANG_WARN_SUSPICIOUS_MOVE = YES;
				CLANG_WARN_UNGUARDED_AVAILABILITY = YES_AGGRESSIVE;
				CLANG_WARN_UNREACHABLE_CODE = YES;
				CLANG_WARN__DUPLICATE_METHOD_MATCH = YES;
				CODE_SIGN_IDENTITY = "iPhone Developer";
				COPY_PHASE_STRIP = NO;
				DEBUG_INFORMATION_FORMAT = dwarf;
				ENABLE_STRICT_OBJC_MSGSEND = YES;
				ENABLE_TESTABILITY = YES;
				GCC_C_LANGUAGE_STANDARD = gnu11;
				GCC_DYNAMIC_NO_PIC = NO;
				GCC_NO_COMMON_BLOCKS = YES;
				GCC_OPTIMIZATION_LEVEL = 0;
				GCC_PREPROCESSOR_DEFINITIONS = (
					"DEBUG=1",
					"$(inherited)",
				);
				GCC_WARN_64_TO_32_BIT_CONVERSION = YES;
				GCC_WARN_ABOUT_RETURN_TYPE = YES_ERROR;
				GCC_WARN_UNDECLARED_SELECTOR = YES;
				GCC_WARN_UNINITIALIZED_AUTOS = YES_AGGRESSIVE;
				GCC_WARN_UNUSED_FUNCTION = YES;
				GCC_WARN_UNUSED_VARIABLE = YES;
				IPHONEOS_DEPLOYMENT_TARGET = 9.0;
				MTL_ENABLE_DEBUG_INFO = YES;
				ONLY_ACTIVE_ARCH = YES;
				SDKROOT = iphoneos;
			};
			name = Debug;
		};
		DE67A6B4208DC15200DE92E2 /* Release */ = {
			isa = XCBuildConfiguration;
			buildSettings = {
				ALWAYS_SEARCH_USER_PATHS = NO;
				CLANG_ANALYZER_NONNULL = YES;
				CLANG_ANALYZER_NUMBER_OBJECT_CONVERSION = YES_AGGRESSIVE;
				CLANG_CXX_LANGUAGE_STANDARD = "gnu++14";
				CLANG_CXX_LIBRARY = "libc++";
				CLANG_ENABLE_MODULES = YES;
				CLANG_ENABLE_OBJC_ARC = YES;
				CLANG_ENABLE_OBJC_WEAK = YES;
				CLANG_WARN_BLOCK_CAPTURE_AUTORELEASING = YES;
				CLANG_WARN_BOOL_CONVERSION = YES;
				CLANG_WARN_COMMA = YES;
				CLANG_WARN_CONSTANT_CONVERSION = YES;
				CLANG_WARN_DEPRECATED_OBJC_IMPLEMENTATIONS = YES;
				CLANG_WARN_DIRECT_OBJC_ISA_USAGE = YES_ERROR;
				CLANG_WARN_DOCUMENTATION_COMMENTS = YES;
				CLANG_WARN_EMPTY_BODY = YES;
				CLANG_WARN_ENUM_CONVERSION = YES;
				CLANG_WARN_INFINITE_RECURSION = YES;
				CLANG_WARN_INT_CONVERSION = YES;
				CLANG_WARN_NON_LITERAL_NULL_CONVERSION = YES;
				CLANG_WARN_OBJC_IMPLICIT_RETAIN_SELF = YES;
				CLANG_WARN_OBJC_LITERAL_CONVERSION = YES;
				CLANG_WARN_OBJC_ROOT_CLASS = YES_ERROR;
				CLANG_WARN_RANGE_LOOP_ANALYSIS = YES;
				CLANG_WARN_STRICT_PROTOTYPES = YES;
				CLANG_WARN_SUSPICIOUS_MOVE = YES;
				CLANG_WARN_UNGUARDED_AVAILABILITY = YES_AGGRESSIVE;
				CLANG_WARN_UNREACHABLE_CODE = YES;
				CLANG_WARN__DUPLICATE_METHOD_MATCH = YES;
				CODE_SIGN_IDENTITY = "iPhone Developer";
				COPY_PHASE_STRIP = NO;
				DEBUG_INFORMATION_FORMAT = "dwarf-with-dsym";
				ENABLE_NS_ASSERTIONS = NO;
				ENABLE_STRICT_OBJC_MSGSEND = YES;
				GCC_C_LANGUAGE_STANDARD = gnu11;
				GCC_NO_COMMON_BLOCKS = YES;
				GCC_WARN_64_TO_32_BIT_CONVERSION = YES;
				GCC_WARN_ABOUT_RETURN_TYPE = YES_ERROR;
				GCC_WARN_UNDECLARED_SELECTOR = YES;
				GCC_WARN_UNINITIALIZED_AUTOS = YES_AGGRESSIVE;
				GCC_WARN_UNUSED_FUNCTION = YES;
				GCC_WARN_UNUSED_VARIABLE = YES;
				IPHONEOS_DEPLOYMENT_TARGET = 9.0;
				MTL_ENABLE_DEBUG_INFO = NO;
				SDKROOT = iphoneos;
				VALIDATE_PRODUCT = YES;
			};
			name = Release;
		};
		DE67A6B6208DC15200DE92E2 /* Debug */ = {
			isa = XCBuildConfiguration;
			buildSettings = {
				CODE_SIGN_STYLE = Automatic;
				FRAMEWORK_SEARCH_PATHS = (
					"$(inherited)",
					"$(PROJECT_DIR)/UMAnalytics/framework",
				);
				OTHER_LDFLAGS = "-ObjC";
				PRODUCT_NAME = "$(TARGET_NAME)";
				SKIP_INSTALL = YES;
				TARGETED_DEVICE_FAMILY = "1,2";
			};
			name = Debug;
		};
		DE67A6B7208DC15200DE92E2 /* Release */ = {
			isa = XCBuildConfiguration;
			buildSettings = {
				CODE_SIGN_STYLE = Automatic;
				FRAMEWORK_SEARCH_PATHS = (
					"$(inherited)",
					"$(PROJECT_DIR)/UMAnalytics/framework",
				);
				OTHER_LDFLAGS = "-ObjC";
				PRODUCT_NAME = "$(TARGET_NAME)";
				SKIP_INSTALL = YES;
				TARGETED_DEVICE_FAMILY = "1,2";
			};
			name = Release;
		};
/* End XCBuildConfiguration section */

/* Begin XCConfigurationList section */
		DE67A6A7208DC15200DE92E2 /* Build configuration list for PBXProject "UMAnalytics" */ = {
			isa = XCConfigurationList;
			buildConfigurations = (
				DE67A6B3208DC15200DE92E2 /* Debug */,
				DE67A6B4208DC15200DE92E2 /* Release */,
			);
			defaultConfigurationIsVisible = 0;
			defaultConfigurationName = Release;
		};
		DE67A6B5208DC15200DE92E2 /* Build configuration list for PBXNativeTarget "UMAnalytics" */ = {
			isa = XCConfigurationList;
			buildConfigurations = (
				DE67A6B6208DC15200DE92E2 /* Debug */,
				DE67A6B7208DC15200DE92E2 /* Release */,
			);
			defaultConfigurationIsVisible = 0;
			defaultConfigurationName = Release;
		};
/* End XCConfigurationList section */
	};
	rootObject = DE67A6A4208DC15200DE92E2 /* Project object */;
}
